
Microsoft Visual Studio Solution File, Format Version 12.00
# Visual Studio 15
VisualStudioVersion = 15.0.27428.2027
MinimumVisualStudioVersion = 10.0.40219.1
Project("{FAE04EC0-301F-11D3-BF4B-00C04F79EFBC}") = "JobPlatform", "JobPlatform\JobPlatform.csproj", "{2976A382-34F8-4CFD-935B-3A3C7D47E820}"
EndProject
Global
	GlobalSection(SolutionConfigurationPlatforms) = preSolution
		Debug|Any CPU = Debug|Any CPU
		Release|Any CPU = Release|Any CPU
	EndGlobalSection
	GlobalSection(ProjectConfigurationPlatforms) = postSolution
		{2976A382-34F8-4CFD-935B-3A3C7D47E820}.Debug|Any CPU.ActiveCfg = Debug|Any CPU
		{2976A382-34F8-4CFD-935B-3A3C7D47E820}.Debug|Any CPU.Build.0 = Debug|Any CPU
		{2976A382-34F8-4CFD-935B-3A3C7D47E820}.Release|Any CPU.ActiveCfg = Release|Any CPU
		{2976A382-34F8-4CFD-935B-3A3C7D47E820}.Release|Any CPU.Build.0 = Release|Any CPU
	EndGlobalSection
	GlobalSection(SolutionProperties) = preSolution
		HideSolutionNode = FALSE
	EndGlobalSection
	GlobalSection(ExtensibilityGlobals) = postSolution
		SolutionGuid = {093A665E-B010-4F3A-8115-F05541DD4079}
	EndGlobalSection
EndGlobal
